
Microsoft Visual Studio Solution File, Format Version 12.00
# Visual Studio Version 17
VisualStudioVersion = 17.2.32516.85
MinimumVisualStudioVersion = 10.0.40219.1
Project("{FAE04EC0-301F-11D3-BF4B-00C04F79EFBC}") = "WebApp", "WebApp\WebApp.csproj", "{C2C2FE0A-19F4-45F6-96E5-BD16748B57FF}"
EndProject
Global
	GlobalSection(SolutionConfigurationPlatforms) = preSolution
		Debug|Any CPU = Debug|Any CPU
		Release|Any CPU = Release|Any CPU
	EndGlobalSection
	GlobalSection(ProjectConfigurationPlatforms) = postSolution
		{C2C2FE0A-19F4-45F6-96E5-BD16748B57FF}.Debug|Any CPU.ActiveCfg = Debug|Any CPU
		{C2C2FE0A-19F4-45F6-96E5-BD16748B57FF}.Debug|Any CPU.Build.0 = Debug|Any CPU
		{C2C2FE0A-19F4-45F6-96E5-BD16748B57FF}.Release|Any CPU.ActiveCfg = Release|Any CPU
		{C2C2FE0A-19F4-45F6-96E5-BD16748B57FF}.Release|Any CPU.Build.0 = Release|Any CPU
	EndGlobalSection
	GlobalSection(SolutionProperties) = preSolution
		HideSolutionNode = FALSE
	EndGlobalSection
	GlobalSection(ExtensibilityGlobals) = postSolution
		SolutionGuid = {6B4409D5-36CB-40B2-9B00-71F2EFEB0CE4}
	EndGlobalSection
EndGlobal
